
Microsoft Visual Studio Solution File, Format Version 12.00
# Visual Studio Version 17
VisualStudioVersion = 17.10.35004.147
MinimumVisualStudioVersion = 10.0.40219.1
Project("{888888A0-9F3D-457C-B088-3A5042F75D52}") = "QQChess", "QQChess\QQChess.pyproj", "{7244720B-BA75-469C-86A6-F964DE4AD647}"
EndProject
Global
	GlobalSection(SolutionConfigurationPlatforms) = preSolution
		Debug|Any CPU = Debug|Any CPU
		Release|Any CPU = Release|Any CPU
	EndGlobalSection
	GlobalSection(ProjectConfigurationPlatforms) = postSolution
		{7244720B-BA75-469C-86A6-F964DE4AD647}.Debug|Any CPU.ActiveCfg = Debug|Any CPU
		{7244720B-BA75-469C-86A6-F964DE4AD647}.Release|Any CPU.ActiveCfg = Release|Any CPU
	EndGlobalSection
	GlobalSection(SolutionProperties) = preSolution
		HideSolutionNode = FALSE
	EndGlobalSection
	GlobalSection(ExtensibilityGlobals) = postSolution
		SolutionGuid = {0C774093-2DF2-4587-8150-058E692FFD64}
	EndGlobalSection
EndGlobal
